
Microsoft Visual Studio Solution File, Format Version 12.00
# Visual Studio Version 17
VisualStudioVersion = 17.13.35919.96
MinimumVisualStudioVersion = 10.0.40219.1
Project("{2150E333-8FDC-42A3-9474-1A3956D46DE8}") = "Core", "Core", "{02EA681E-C7D8-13C7-8484-4AC65E1B71E8}"
EndProject
Project("{2150E333-8FDC-42A3-9474-1A3956D46DE8}") = "Infrastructure", "Infrastructure", "{DB6E852C-4BE7-418D-83D9-6836FA858496}"
EndProject
Project("{2150E333-8FDC-42A3-9474-1A3956D46DE8}") = "Presentation", "Presentation", "{B3F16C35-3B8A-4242-8024-02F07631C3EE}"
EndProject
Project("{FAE04EC0-301F-11D3-BF4B-00C04F79EFBC}") = "CrudPeople.API", "src\Presentation\CrudPeople.API\CrudPeople.API.csproj", "{3641869F-82BD-EE2C-1984-6391881CA633}"
EndProject
Project("{FAE04EC0-301F-11D3-BF4B-00C04F79EFBC}") = "CrudPeople.Infrastructure", "src\Infrastructure\CrudPeople.Infrastructure\CrudPeople.Infrastructure.csproj", "{397EEC0C-2BB3-4183-A33A-DDA9F26FB313}"
EndProject
Project("{2150E333-8FDC-42A3-9474-1A3956D46DE8}") = "src", "src", "{0E954D2A-124E-40CF-8D5A-249F7F6E9622}"
EndProject
Project("{2150E333-8FDC-42A3-9474-1A3956D46DE8}") = "tests", "tests", "{274C1495-0293-4193-A6FE-8FADDCC69561}"
EndProject
Project("{2150E333-8FDC-42A3-9474-1A3956D46DE8}") = "docs", "docs", "{8A45B241-42BB-48AB-A0EA-6C373EEB3B6C}"
EndProject
Project("{FAE04EC0-301F-11D3-BF4B-00C04F79EFBC}") = "CrudPeople.ApplicationService", "src\Core\CrudPeople.ApplicationService\CrudPeople.ApplicationService.csproj", "{7672C689-CF93-43E9-8E4B-8669C7EB2F2F}"
EndProject
Project("{FAE04EC0-301F-11D3-BF4B-00C04F79EFBC}") = "CrudPeople.CoreDomain", "src\Core\CrudPeople.CoreDomain\CrudPeople.CoreDomain.csproj", "{40DDEBB7-BCD2-40AE-ACBD-B5EA3EE1F7FC}"
EndProject
Project("{2150E333-8FDC-42A3-9474-1A3956D46DE8}") = "Packages", "Packages", "{C8D08525-4F71-4F96-94C4-53A37E361427}"
EndProject
Project("{FAE04EC0-301F-11D3-BF4B-00C04F79EFBC}") = "EventStore", "src\Infrastructure\Packages\EventStore\EventStore.csproj", "{E60B3139-B191-7ADB-47F4-46174E37CAA7}"
EndProject
Project("{FAE04EC0-301F-11D3-BF4B-00C04F79EFBC}") = "Helpers", "src\Infrastructure\Packages\Helpers\Helpers.csproj", "{45987A1D-73B7-6CCB-57B9-CD9DE2A0E4A4}"
EndProject
Project("{FAE04EC0-301F-11D3-BF4B-00C04F79EFBC}") = "ElasticLogger", "src\Infrastructure\Packages\ElasticLogger\ElasticLogger.csproj", "{A007F953-CC29-1003-D765-0FA1BC1D5465}"
EndProject
Global
	GlobalSection(SolutionConfigurationPlatforms) = preSolution
		Debug|Any CPU = Debug|Any CPU
		Release|Any CPU = Release|Any CPU
	EndGlobalSection
	GlobalSection(ProjectConfigurationPlatforms) = postSolution
		{3641869F-82BD-EE2C-1984-6391881CA633}.Debug|Any CPU.ActiveCfg = Debug|Any CPU
		{3641869F-82BD-EE2C-1984-6391881CA633}.Debug|Any CPU.Build.0 = Debug|Any CPU
		{3641869F-82BD-EE2C-1984-6391881CA633}.Release|Any CPU.ActiveCfg = Release|Any CPU
		{3641869F-82BD-EE2C-1984-6391881CA633}.Release|Any CPU.Build.0 = Release|Any CPU
		{397EEC0C-2BB3-4183-A33A-DDA9F26FB313}.Debug|Any CPU.ActiveCfg = Debug|Any CPU
		{397EEC0C-2BB3-4183-A33A-DDA9F26FB313}.Debug|Any CPU.Build.0 = Debug|Any CPU
		{397EEC0C-2BB3-4183-A33A-DDA9F26FB313}.Release|Any CPU.ActiveCfg = Release|Any CPU
		{397EEC0C-2BB3-4183-A33A-DDA9F26FB313}.Release|Any CPU.Build.0 = Release|Any CPU
		{7672C689-CF93-43E9-8E4B-8669C7EB2F2F}.Debug|Any CPU.ActiveCfg = Debug|Any CPU
		{7672C689-CF93-43E9-8E4B-8669C7EB2F2F}.Debug|Any CPU.Build.0 = Debug|Any CPU
		{7672C689-CF93-43E9-8E4B-8669C7EB2F2F}.Release|Any CPU.ActiveCfg = Release|Any CPU
		{7672C689-CF93-43E9-8E4B-8669C7EB2F2F}.Release|Any CPU.Build.0 = Release|Any CPU
		{40DDEBB7-BCD2-40AE-ACBD-B5EA3EE1F7FC}.Debug|Any CPU.ActiveCfg = Debug|Any CPU
		{40DDEBB7-BCD2-40AE-ACBD-B5EA3EE1F7FC}.Debug|Any CPU.Build.0 = Debug|Any CPU
		{40DDEBB7-BCD2-40AE-ACBD-B5EA3EE1F7FC}.Release|Any CPU.ActiveCfg = Release|Any CPU
		{40DDEBB7-BCD2-40AE-ACBD-B5EA3EE1F7FC}.Release|Any CPU.Build.0 = Release|Any CPU
		{E60B3139-B191-7ADB-47F4-46174E37CAA7}.Debug|Any CPU.ActiveCfg = Debug|Any CPU
		{E60B3139-B191-7ADB-47F4-46174E37CAA7}.Debug|Any CPU.Build.0 = Debug|Any CPU
		{E60B3139-B191-7ADB-47F4-46174E37CAA7}.Release|Any CPU.ActiveCfg = Release|Any CPU
		{E60B3139-B191-7ADB-47F4-46174E37CAA7}.Release|Any CPU.Build.0 = Release|Any CPU
		{45987A1D-73B7-6CCB-57B9-CD9DE2A0E4A4}.Debug|Any CPU.ActiveCfg = Debug|Any CPU
		{45987A1D-73B7-6CCB-57B9-CD9DE2A0E4A4}.Debug|Any CPU.Build.0 = Debug|Any CPU
		{45987A1D-73B7-6CCB-57B9-CD9DE2A0E4A4}.Release|Any CPU.ActiveCfg = Release|Any CPU
		{45987A1D-73B7-6CCB-57B9-CD9DE2A0E4A4}.Release|Any CPU.Build.0 = Release|Any CPU
		{A007F953-CC29-1003-D765-0FA1BC1D5465}.Debug|Any CPU.ActiveCfg = Debug|Any CPU
		{A007F953-CC29-1003-D765-0FA1BC1D5465}.Debug|Any CPU.Build.0 = Debug|Any CPU
		{A007F953-CC29-1003-D765-0FA1BC1D5465}.Release|Any CPU.ActiveCfg = Release|Any CPU
		{A007F953-CC29-1003-D765-0FA1BC1D5465}.Release|Any CPU.Build.0 = Release|Any CPU
	EndGlobalSection
	GlobalSection(SolutionProperties) = preSolution
		HideSolutionNode = FALSE
	EndGlobalSection
	GlobalSection(NestedProjects) = preSolution
		{02EA681E-C7D8-13C7-8484-4AC65E1B71E8} = {0E954D2A-124E-40CF-8D5A-249F7F6E9622}
		{DB6E852C-4BE7-418D-83D9-6836FA858496} = {0E954D2A-124E-40CF-8D5A-249F7F6E9622}
		{B3F16C35-3B8A-4242-8024-02F07631C3EE} = {0E954D2A-124E-40CF-8D5A-249F7F6E9622}
		{3641869F-82BD-EE2C-1984-6391881CA633} = {B3F16C35-3B8A-4242-8024-02F07631C3EE}
		{397EEC0C-2BB3-4183-A33A-DDA9F26FB313} = {DB6E852C-4BE7-418D-83D9-6836FA858496}
		{7672C689-CF93-43E9-8E4B-8669C7EB2F2F} = {02EA681E-C7D8-13C7-8484-4AC65E1B71E8}
		{40DDEBB7-BCD2-40AE-ACBD-B5EA3EE1F7FC} = {02EA681E-C7D8-13C7-8484-4AC65E1B71E8}
		{C8D08525-4F71-4F96-94C4-53A37E361427} = {DB6E852C-4BE7-418D-83D9-6836FA858496}
		{E60B3139-B191-7ADB-47F4-46174E37CAA7} = {C8D08525-4F71-4F96-94C4-53A37E361427}
		{45987A1D-73B7-6CCB-57B9-CD9DE2A0E4A4} = {C8D08525-4F71-4F96-94C4-53A37E361427}
		{A007F953-CC29-1003-D765-0FA1BC1D5465} = {C8D08525-4F71-4F96-94C4-53A37E361427}
	EndGlobalSection
	GlobalSection(ExtensibilityGlobals) = postSolution
		SolutionGuid = {9A078D47-2214-413C-9671-1AC409ACF9CB}
	EndGlobalSection
EndGlobal
